// !$*UTF8*$!
{
	archiveVersion = 1;
	classes = {
	};
	objectVersion = 46;
	objects = {

/* Begin PBXBuildFile section */
		0A6F96F51D310FFC00AD84E4 /* AppDelegate.swift in Sources */ = {isa = PBXBuildFile; fileRef = 0A6F96F41D310FFC00AD84E4 /* AppDelegate.swift */; };
		0A6F96F71D310FFC00AD84E4 /* FirstViewController.swift in Sources */ = {isa = PBXBuildFile; fileRef = 0A6F96F61D310FFC00AD84E4 /* FirstViewController.swift */; };
		0A6F96F91D310FFC00AD84E4 /* SecondViewController.swift in Sources */ = {isa = PBXBuildFile; fileRef = 0A6F96F81D310FFC00AD84E4 /* SecondViewController.swift */; };
		0A6F96FC1D310FFC00AD84E4 /* Main.storyboard in Resources */ = {isa = PBXBuildFile; fileRef = 0A6F96FA1D310FFC00AD84E4 /* Main.storyboard */; };
		0A6F96FE1D310FFC00AD84E4 /* Assets.xcassets in Resources */ = {isa = PBXBuildFile; fileRef = 0A6F96FD1D310FFC00AD84E4 /* Assets.xcassets */; };
		0A6F97011D310FFC00AD84E4 /* LaunchScreen.storyboard in Resources */ = {isa = PBXBuildFile; fileRef = 0A6F96FF1D310FFC00AD84E4 /* LaunchScreen.storyboard */; };
/* End PBXBuildFile section */

/* Begin PBXFileReference section */
		0A6F96F11D310FFB00AD84E4 /* location-bootcamp.app */ = {isa = PBXFileReference; explicitFileType = wrapper.application; includeInIndex = 0; path = "location-bootcamp.app"; sourceTree = BUILT_PRODUCTS_DIR; };
		0A6F96F41D310FFC00AD84E4 /* AppDelegate.swift */ = {isa = PBXFileReference; lastKnownFileType = sourcecode.swift; path = AppDelegate.swift; sourceTree = "<group>"; };
		0A6F96F61D310FFC00AD84E4 /* FirstViewController.swift */ = {isa = PBXFileReference; lastKnownFileType = sourcecode.swift; path = FirstViewController.swift; sourceTree = "<group>"; };
		0A6F96F81D310FFC00AD84E4 /* SecondViewController.swift */ = {isa = PBXFileReference; lastKnownFileType = sourcecode.swift; path = SecondViewController.swift; sourceTree = "<group>"; };
		0A6F96FB1D310FFC00AD84E4 /* Base */ = {isa = PBXFileReference; lastKnownFileType = file.storyboard; name = Base; path = Base.lproj/Main.storyboard; sourceTree = "<group>"; };
		0A6F96FD1D310FFC00AD84E4 /* Assets.xcassets */ = {isa = PBXFileReference; lastKnownFileType = folder.assetcatalog; path = Assets.xcassets; sourceTree = "<group>"; };
		0A6F97001D310FFC00AD84E4 /* Base */ = {isa = PBXFileReference; lastKnownFileType = file.storyboard; name = Base; path = Base.lproj/LaunchScreen.storyboard; sourceTree = "<group>"; };
		0A6F97021D310FFC00AD84E4 /* Info.plist */ = {isa = PBXFileReference; lastKnownFileType = text.plist.xml; path = Info.plist; sourceTree = "<group>"; };
/* End PBXFileReference section */

/* Begin PBXFrameworksBuildPhase section */
		0A6F96EE1D310FFB00AD84E4 /* Frameworks */ = {
			isa = PBXFrameworksBuildPhase;
			buildActionMask = 2147483647;
			files = (
			);
			runOnlyForDeploymentPostprocessing = 0;
		};
/* End PBXFrameworksBuildPhase section */

/* Begin PBXGroup section */
		0A6F96E81D310FFB00AD84E4 = {
			isa = PBXGroup;
			children = (
				0A6F96F31D310FFB00AD84E4 /* location-bootcamp */,
				0A6F96F21D310FFB00AD84E4 /* Products */,
			);
			sourceTree = "<group>";
		};
		0A6F96F21D310FFB00AD84E4 /* Products */ = {
			isa = PBXGroup;
			children = (
				0A6F96F11D310FFB00AD84E4 /* location-bootcamp.app */,
			);
			name = Products;
			sourceTree = "<group>";
		};
		0A6F96F31D310FFB00AD84E4 /* location-bootcamp */ = {
			isa = PBXGroup;
			children = (
				0A6F96F41D310FFC00AD84E4 /* AppDelegate.swift */,
				0A6F96F61D310FFC00AD84E4 /* FirstViewController.swift */,
				0A6F96F81D310FFC00AD84E4 /* SecondViewController.swift */,
				0A6F96FA1D310FFC00AD84E4 /* Main.storyboard */,
				0A6F96FD1D310FFC00AD84E4 /* Assets.xcassets */,
				0A6F96FF1D310FFC00AD84E4 /* LaunchScreen.storyboard */,
				0A6F97021D310FFC00AD84E4 /* Info.plist */,
			);
			path = "location-bootcamp";
			sourceTree = "<group>";
		};
/* End PBXGroup section */

/* Begin PBXNativeTarget section */
		0A6F96F01D310FFB00AD84E4 /* location-bootcamp */ = {
			isa = PBXNativeTarget;
			buildConfigurationList = 0A6F97051D310FFC00AD84E4 /* Build configuration list for PBXNativeTarget "location-bootcamp" */;
			buildPhases = (
				0A6F96ED1D310FFB00AD84E4 /* Sources */,
				0A6F96EE1D310FFB00AD84E4 /* Frameworks */,
				0A6F96EF1D310FFB00AD84E4 /* Resources */,
			);
			buildRules = (
			);
			dependencies = (
			);
			name = "location-bootcamp";
			productName = "location-bootcamp";
			productReference = 0A6F96F11D310FFB00AD84E4 /* location-bootcamp.app */;
			productType = "com.apple.product-type.application";
		};
/* End PBXNativeTarget section */

/* Begin PBXProject section */
		0A6F96E91D310FFB00AD84E4 /* Project object */ = {
			isa = PBXProject;
			attributes = {
				LastSwiftUpdateCheck = 0730;
				LastUpgradeCheck = 0730;
				ORGANIZATIONNAME = "Kevin Amiranoff";
				TargetAttributes = {
					0A6F96F01D310FFB00AD84E4 = {
						CreatedOnToolsVersion = 7.3.1;
						DevelopmentTeam = 23C3Y8VELR;
					};
				};
			};
			buildConfigurationList = 0A6F96EC1D310FFB00AD84E4 /* Build configuration list for PBXProject "location-bootcamp" */;
			compatibilityVersion = "Xcode 3.2";
			developmentRegion = English;
			hasScannedForEncodings = 0;
			knownRegions = (
				en,
				Base,
			);
			mainGroup = 0A6F96E81D310FFB00AD84E4;
			productRefGroup = 0A6F96F21D310FFB00AD84E4 /* Products */;
			projectDirPath = "";
			projectRoot = "";
			targets = (
				0A6F96F01D310FFB00AD84E4 /* location-bootcamp */,
			);
		};
/* End PBXProject section */

/* Begin PBXResourcesBuildPhase section */
		0A6F96EF1D310FFB00AD84E4 /* Resources */ = {
			isa = PBXResourcesBuildPhase;
			buildActionMask = 2147483647;
			files = (
				0A6F97011D310FFC00AD84E4 /* LaunchScreen.storyboard in Resources */,
				0A6F96FE1D310FFC00AD84E4 /* Assets.xcassets in Resources */,
				0A6F96FC1D310FFC00AD84E4 /* Main.storyboard in Resources */,
			);
			runOnlyForDeploymentPostprocessing = 0;
		};
/* End PBXResourcesBuildPhase section */

/* Begin PBXSourcesBuildPhase section */
		0A6F96ED1D310FFB00AD84E4 /* Sources */ = {
			isa = PBXSourcesBuildPhase;
			buildActionMask = 2147483647;
			files = (
				0A6F96F91D310FFC00AD84E4 /* SecondViewController.swift in Sources */,
				0A6F96F51D310FFC00AD84E4 /* AppDelegate.swift in Sources */,
				0A6F96F71D310FFC00AD84E4 /* FirstViewController.swift in Sources */,
			);
			runOnlyForDeploymentPostprocessing = 0;
		};
/* End PBXSourcesBuildPhase section */

/* Begin PBXVariantGroup section */
		0A6F96FA1D310FFC00AD84E4 /* Main.storyboard */ = {
			isa = PBXVariantGroup;
			children = (
				0A6F96FB1D310FFC00AD84E4 /* Base */,
			);
			name = Main.storyboard;
			sourceTree = "<group>";
		};
		0A6F96FF1D310FFC00AD84E4 /* LaunchScreen.storyboard */ = {
			isa = PBXVariantGroup;
			children = (
				0A6F97001D310FFC00AD84E4 /* Base */,
			);
			name = LaunchScreen.storyboard;
			sourceTree = "<group>";
		};
/* End PBXVariantGroup section */

/* Begin XCBuildConfiguration section */
		0A6F97031D310FFC00AD84E4 /* Debug */ = {
			isa = XCBuildConfiguration;
			buildSettings = {
				ALWAYS_SEARCH_USER_PATHS = NO;
				CLANG_ANALYZER_NONNULL = YES;
				CLANG_CXX_LANGUAGE_STANDARD = "gnu++0x";
				CLANG_CXX_LIBRARY = "libc++";
				CLANG_ENABLE_MODULES = YES;
				CLANG_ENABLE_OBJC_ARC = YES;
				CLANG_WARN_BOOL_CONVERSION = YES;
				CLANG_WARN_CONSTANT_CONVERSION = YES;
				CLANG_WARN_DIRECT_OBJC_ISA_USAGE = YES_ERROR;
				CLANG_WARN_EMPTY_BODY = YES;
				CLANG_WARN_ENUM_CONVERSION = YES;
				CLANG_WARN_INT_CONVERSION = YES;
				CLANG_WARN_OBJC_ROOT_CLASS = YES_ERROR;
				CLANG_WARN_UNREACHABLE_CODE = YES;
				CLANG_WARN__DUPLICATE_METHOD_MATCH = YES;
				"CODE_SIGN_IDENTITY[sdk=iphoneos*]" = "iPhone Developer";
				COPY_PHASE_STRIP = NO;
				DEBUG_INFORMATION_FORMAT = dwarf;
				ENABLE_STRICT_OBJC_MSGSEND = YES;
				ENABLE_TESTABILITY = YES;
				GCC_C_LANGUAGE_STANDARD = gnu99;
				GCC_DYNAMIC_NO_PIC = NO;
				GCC_NO_COMMON_BLOCKS = YES;
				GCC_OPTIMIZATION_LEVEL = 0;
				GCC_PREPROCESSOR_DEFINITIONS = (
					"DEBUG=1",
					"$(inherited)",
				);
				GCC_WARN_64_TO_32_BIT_CONVERSION = YES;
				GCC_WARN_ABOUT_RETURN_TYPE = YES_ERROR;
				GCC_WARN_UNDECLARED_SELECTOR = YES;
				GCC_WARN_UNINITIALIZED_AUTOS = YES_AGGRESSIVE;
				GCC_WARN_UNUSED_FUNCTION = YES;
				GCC_WARN_UNUSED_VARIABLE = YES;
				IPHONEOS_DEPLOYMENT_TARGET = 9.3;
				MTL_ENABLE_DEBUG_INFO = YES;
				ONLY_ACTIVE_ARCH = YES;
				SDKROOT = iphoneos;
				SWIFT_OPTIMIZATION_LEVEL = "-Onone";
				TARGETED_DEVICE_FAMILY = "1,2";
			};
			name = Debug;
		};
		0A6F97041D310FFC00AD84E4 /* Release */ = {
			isa = XCBuildConfiguration;
			buildSettings = {
				ALWAYS_SEARCH_USER_PATHS = NO;
				CLANG_ANALYZER_NONNULL = YES;
				CLANG_CXX_LANGUAGE_STANDARD = "gnu++0x";
				CLANG_CXX_LIBRARY = "libc++";
				CLANG_ENABLE_MODULES = YES;
				CLANG_ENABLE_OBJC_ARC = YES;
				CLANG_WARN_BOOL_CONVERSION = YES;
				CLANG_WARN_CONSTANT_CONVERSION = YES;
				CLANG_WARN_DIRECT_OBJC_ISA_USAGE = YES_ERROR;
				CLANG_WARN_EMPTY_BODY = YES;
				CLANG_WARN_ENUM_CONVERSION = YES;
				CLANG_WARN_INT_CONVERSION = YES;
				CLANG_WARN_OBJC_ROOT_CLASS = YES_ERROR;
				CLANG_WARN_UNREACHABLE_CODE = YES;
				CLANG_WARN__DUPLICATE_METHOD_MATCH = YES;
				"CODE_SIGN_IDENTITY[sdk=iphoneos*]" = "iPhone Developer";
				COPY_PHASE_STRIP = NO;
				DEBUG_INFORMATION_FORMAT = "dwarf-with-dsym";
				ENABLE_NS_ASSERTIONS = NO;
				ENABLE_STRICT_OBJC_MSGSEND = YES;
				GCC_C_LANGUAGE_STANDARD = gnu99;
				GCC_NO_COMMON_BLOCKS = YES;
				GCC_WARN_64_TO_32_BIT_CONVERSION = YES;
				GCC_WARN_ABOUT_RETURN_TYPE = YES_ERROR;
				GCC_WARN_UNDECLARED_SELECTOR = YES;
				GCC_WARN_UNINITIALIZED_AUTOS = YES_AGGRESSIVE;
				GCC_WARN_UNUSED_FUNCTION = YES;
				GCC_WARN_UNUSED_VARIABLE = YES;
				IPHONEOS_DEPLOYMENT_TARGET = 9.3;
				MTL_ENABLE_DEBUG_INFO = NO;
				SDKROOT = iphoneos;
				TARGETED_DEVICE_FAMILY = "1,2";
				VALIDATE_PRODUCT = YES;
			};
			name = Release;
		};
		0A6F97061D310FFC00AD84E4 /* Debug */ = {
			isa = XCBuildConfiguration;
			buildSettings = {
				ASSETCATALOG_COMPILER_APPICON_NAME = AppIcon;
				INFOPLIST_FILE = "location-bootcamp/Info.plist";
				LD_RUNPATH_SEARCH_PATHS = "$(inherited) @executable_path/Frameworks";
				PRODUCT_BUNDLE_IDENTIFIER = "com.nemeacreation.location-bootcamp";
				PRODUCT_NAME = "$(TARGET_NAME)";
			};
			name = Debug;
		};
		0A6F97071D310FFC00AD84E4 /* Release */ = {
			isa = XCBuildConfiguration;
			buildSettings = {
				ASSETCATALOG_COMPILER_APPICON_NAME = AppIcon;
				INFOPLIST_FILE = "location-bootcamp/Info.plist";
				LD_RUNPATH_SEARCH_PATHS = "$(inherited) @executable_path/Frameworks";
				PRODUCT_BUNDLE_IDENTIFIER = "com.nemeacreation.location-bootcamp";
				PRODUCT_NAME = "$(TARGET_NAME)";
			};
			name = Release;
		};
/* End XCBuildConfiguration section */

/* Begin XCConfigurationList section */
		0A6F96EC1D310FFB00AD84E4 /* Build configuration list for PBXProject "location-bootcamp" */ = {
			isa = XCConfigurationList;
			buildConfigurations = (
				0A6F97031D310FFC00AD84E4 /* Debug */,
				0A6F97041D310FFC00AD84E4 /* Release */,
			);
			defaultConfigurationIsVisible = 0;
			defaultConfigurationName = Release;
		};
		0A6F97051D310FFC00AD84E4 /* Build configuration list for PBXNativeTarget "location-bootcamp" */ = {
			isa = XCConfigurationList;
			buildConfigurations = (
				0A6F97061D310FFC00AD84E4 /* Debug */,
				0A6F97071D310FFC00AD84E4 /* Release */,
			);
			defaultConfigurationIsVisible = 0;
		};
/* End XCConfigurationList section */
	};
	rootObject = 0A6F96E91D310FFB00AD84E4 /* Project object */;
}
